
Microsoft Visual Studio Solution File, Format Version 12.00
# Visual Studio Version 16
VisualStudioVersion = 16.0.30413.136
MinimumVisualStudioVersion = 10.0.40219.1
Project("{FAE04EC0-301F-11D3-BF4B-00C04F79EFBC}") = "ColorZXing", "ColorZXing\ColorZXing.csproj", "{C8C49EA4-D7E5-48A3-A27E-0797FCC4CC10}"
EndProject
Project("{9A19103F-16F7-4668-BE54-9A1E7A4F7556}") = "NUnitTest", "NUnitTest\NUnitTest.csproj", "{837939A4-E1AD-4DEC-92DB-C9E1D8F57061}"
EndProject
Global
	GlobalSection(SolutionConfigurationPlatforms) = preSolution
		Debug|Any CPU = Debug|Any CPU
		Release|Any CPU = Release|Any CPU
	EndGlobalSection
	GlobalSection(ProjectConfigurationPlatforms) = postSolution
		{C8C49EA4-D7E5-48A3-A27E-0797FCC4CC10}.Debug|Any CPU.ActiveCfg = Debug|Any CPU
		{C8C49EA4-D7E5-48A3-A27E-0797FCC4CC10}.Debug|Any CPU.Build.0 = Debug|Any CPU
		{C8C49EA4-D7E5-48A3-A27E-0797FCC4CC10}.Release|Any CPU.ActiveCfg = Release|Any CPU
		{C8C49EA4-D7E5-48A3-A27E-0797FCC4CC10}.Release|Any CPU.Build.0 = Release|Any CPU
		{837939A4-E1AD-4DEC-92DB-C9E1D8F57061}.Debug|Any CPU.ActiveCfg = Debug|Any CPU
		{837939A4-E1AD-4DEC-92DB-C9E1D8F57061}.Debug|Any CPU.Build.0 = Debug|Any CPU
		{837939A4-E1AD-4DEC-92DB-C9E1D8F57061}.Release|Any CPU.ActiveCfg = Release|Any CPU
		{837939A4-E1AD-4DEC-92DB-C9E1D8F57061}.Release|Any CPU.Build.0 = Release|Any CPU
	EndGlobalSection
	GlobalSection(SolutionProperties) = preSolution
		HideSolutionNode = FALSE
	EndGlobalSection
	GlobalSection(ExtensibilityGlobals) = postSolution
		SolutionGuid = {E69B79E3-EDDA-4F51-BA38-5A624B2D4472}
	EndGlobalSection
EndGlobal
